
Microsoft Visual Studio Solution File, Format Version 12.00
# Visual Studio Version 17
VisualStudioVersion = 17.11.35312.102
MinimumVisualStudioVersion = 10.0.40219.1
Project("{FAE04EC0-301F-11D3-BF4B-00C04F79EFBC}") = "CasoEstudio1_G1", "CasoEstudio1_G1\CasoEstudio1_G1.csproj", "{D955960B-2388-4162-91B4-B6B10E88F0A2}"
EndProject
Project("{FAE04EC0-301F-11D3-BF4B-00C04F79EFBC}") = "CasoEstudio1_G1_API", "CasoEstudio1_G1_API\CasoEstudio1_G1_API.csproj", "{802A9F3D-3AF0-4AA3-9E4C-53EAB54912CD}"
EndProject
Global
	GlobalSection(SolutionConfigurationPlatforms) = preSolution
		Debug|Any CPU = Debug|Any CPU
		Release|Any CPU = Release|Any CPU
	EndGlobalSection
	GlobalSection(ProjectConfigurationPlatforms) = postSolution
		{D955960B-2388-4162-91B4-B6B10E88F0A2}.Debug|Any CPU.ActiveCfg = Debug|Any CPU
		{D955960B-2388-4162-91B4-B6B10E88F0A2}.Debug|Any CPU.Build.0 = Debug|Any CPU
		{D955960B-2388-4162-91B4-B6B10E88F0A2}.Release|Any CPU.ActiveCfg = Release|Any CPU
		{D955960B-2388-4162-91B4-B6B10E88F0A2}.Release|Any CPU.Build.0 = Release|Any CPU
		{802A9F3D-3AF0-4AA3-9E4C-53EAB54912CD}.Debug|Any CPU.ActiveCfg = Debug|Any CPU
		{802A9F3D-3AF0-4AA3-9E4C-53EAB54912CD}.Debug|Any CPU.Build.0 = Debug|Any CPU
		{802A9F3D-3AF0-4AA3-9E4C-53EAB54912CD}.Release|Any CPU.ActiveCfg = Release|Any CPU
		{802A9F3D-3AF0-4AA3-9E4C-53EAB54912CD}.Release|Any CPU.Build.0 = Release|Any CPU
	EndGlobalSection
	GlobalSection(SolutionProperties) = preSolution
		HideSolutionNode = FALSE
	EndGlobalSection
	GlobalSection(ExtensibilityGlobals) = postSolution
		SolutionGuid = {E7B668A4-8E48-472D-9B87-CF1202956A37}
	EndGlobalSection
EndGlobal
